
Microsoft Visual Studio Solution File, Format Version 12.00
# Visual Studio 14
VisualStudioVersion = 14.0.25123.0
MinimumVisualStudioVersion = 10.0.40219.1
Project("{FAE04EC0-301F-11D3-BF4B-00C04F79EFBC}") = "ENBOrganizer.Domain", "ENBOrganizer.Domain\ENBOrganizer.Domain.csproj", "{646ABCDC-FCC2-4047-AE89-00C581DA1828}"
EndProject
Project("{FAE04EC0-301F-11D3-BF4B-00C04F79EFBC}") = "ENBOrganizer.Util", "ENBOrganizer.Util\ENBOrganizer.Util.csproj", "{6B47A309-26EC-404F-83CF-F37942D5B258}"
EndProject
Project("{FAE04EC0-301F-11D3-BF4B-00C04F79EFBC}") = "ENBOrganizer.App", "ENBOrganizer.App\ENBOrganizer.App.csproj", "{2642BE9A-E4E0-4716-8B9E-837C63038988}"
EndProject
Global
	GlobalSection(SolutionConfigurationPlatforms) = preSolution
		Debug|Any CPU = Debug|Any CPU
		Debug|Mixed Platforms = Debug|Mixed Platforms
		Debug|x86 = Debug|x86
		Release|Any CPU = Release|Any CPU
		Release|Mixed Platforms = Release|Mixed Platforms
		Release|x86 = Release|x86
	EndGlobalSection
	GlobalSection(ProjectConfigurationPlatforms) = postSolution
		{646ABCDC-FCC2-4047-AE89-00C581DA1828}.Debug|Any CPU.ActiveCfg = Debug|Any CPU
		{646ABCDC-FCC2-4047-AE89-00C581DA1828}.Debug|Any CPU.Build.0 = Debug|Any CPU
		{646ABCDC-FCC2-4047-AE89-00C581DA1828}.Debug|Mixed Platforms.ActiveCfg = Debug|Any CPU
		{646ABCDC-FCC2-4047-AE89-00C581DA1828}.Debug|Mixed Platforms.Build.0 = Debug|Any CPU
		{646ABCDC-FCC2-4047-AE89-00C581DA1828}.Debug|x86.ActiveCfg = Debug|Any CPU
		{646ABCDC-FCC2-4047-AE89-00C581DA1828}.Release|Any CPU.ActiveCfg = Release|Any CPU
		{646ABCDC-FCC2-4047-AE89-00C581DA1828}.Release|Any CPU.Build.0 = Release|Any CPU
		{646ABCDC-FCC2-4047-AE89-00C581DA1828}.Release|Mixed Platforms.ActiveCfg = Release|Any CPU
		{646ABCDC-FCC2-4047-AE89-00C581DA1828}.Release|Mixed Platforms.Build.0 = Release|Any CPU
		{646ABCDC-FCC2-4047-AE89-00C581DA1828}.Release|x86.ActiveCfg = Release|Any CPU
		{6B47A309-26EC-404F-83CF-F37942D5B258}.Debug|Any CPU.ActiveCfg = Debug|Any CPU
		{6B47A309-26EC-404F-83CF-F37942D5B258}.Debug|Any CPU.Build.0 = Debug|Any CPU
		{6B47A309-26EC-404F-83CF-F37942D5B258}.Debug|Mixed Platforms.ActiveCfg = Debug|Any CPU
		{6B47A309-26EC-404F-83CF-F37942D5B258}.Debug|Mixed Platforms.Build.0 = Debug|Any CPU
		{6B47A309-26EC-404F-83CF-F37942D5B258}.Debug|x86.ActiveCfg = Debug|Any CPU
		{6B47A309-26EC-404F-83CF-F37942D5B258}.Release|Any CPU.ActiveCfg = Release|Any CPU
		{6B47A309-26EC-404F-83CF-F37942D5B258}.Release|Any CPU.Build.0 = Release|Any CPU
		{6B47A309-26EC-404F-83CF-F37942D5B258}.Release|Mixed Platforms.ActiveCfg = Release|Any CPU
		{6B47A309-26EC-404F-83CF-F37942D5B258}.Release|Mixed Platforms.Build.0 = Release|Any CPU
		{6B47A309-26EC-404F-83CF-F37942D5B258}.Release|x86.ActiveCfg = Release|Any CPU
		{2642BE9A-E4E0-4716-8B9E-837C63038988}.Debug|Any CPU.ActiveCfg = Debug|Any CPU
		{2642BE9A-E4E0-4716-8B9E-837C63038988}.Debug|Any CPU.Build.0 = Debug|Any CPU
		{2642BE9A-E4E0-4716-8B9E-837C63038988}.Debug|Mixed Platforms.ActiveCfg = Debug|Any CPU
		{2642BE9A-E4E0-4716-8B9E-837C63038988}.Debug|Mixed Platforms.Build.0 = Debug|Any CPU
		{2642BE9A-E4E0-4716-8B9E-837C63038988}.Debug|x86.ActiveCfg = Debug|Any CPU
		{2642BE9A-E4E0-4716-8B9E-837C63038988}.Debug|x86.Build.0 = Debug|Any CPU
		{2642BE9A-E4E0-4716-8B9E-837C63038988}.Release|Any CPU.ActiveCfg = Release|Any CPU
		{2642BE9A-E4E0-4716-8B9E-837C63038988}.Release|Any CPU.Build.0 = Release|Any CPU
		{2642BE9A-E4E0-4716-8B9E-837C63038988}.Release|Mixed Platforms.ActiveCfg = Release|Any CPU
		{2642BE9A-E4E0-4716-8B9E-837C63038988}.Release|Mixed Platforms.Build.0 = Release|Any CPU
		{2642BE9A-E4E0-4716-8B9E-837C63038988}.Release|x86.ActiveCfg = Release|Any CPU
		{2642BE9A-E4E0-4716-8B9E-837C63038988}.Release|x86.Build.0 = Release|Any CPU
	EndGlobalSection
	GlobalSection(SolutionProperties) = preSolution
		HideSolutionNode = FALSE
	EndGlobalSection
EndGlobal
